{
  "nodes": {
    "flake-compat": {
      "flake": false,
      "locked": {
        "lastModified": 1696426674,
        "narHash": "sha256-kvjfFW7WAETZlt09AgDn1MrtKzP7t90Vf7vypd3OL1U=",
        "owner": "edolstra",
        "repo": "flake-compat",
        "rev": "0f9255e01c2351cc7d116c072cb317785dd33b33",
        "type": "github"
      },
      "original": {
        "owner": "edolstra",
        "repo": "flake-compat",
        "type": "github"
      }
    },
    "home-manager": {
      "inputs": {
        "nixpkgs": [
          "nixpkgs"
        ]
      },
      "locked": {
        "lastModified": 1790989254,
        "narHash": "sha256-ZN+riaeFuE+DZ5zfqJiXlM12jLwZzeIXiNkU1YeHMXI=",
        "owner": "nix-community",
        "repo": "home-manager",
        "rev": "acd21c5a3420a9d5fd0ed06299b10828267ef9ba",
        "type": "github"
      },
      "original": {
        "owner": "nix-community",
        "repo": "home-manager",
        "type": "github"
      }
    },
    "nixpkgs": {
      "locked": {
        "lastModified": 1790822859,
        "narHash": "sha256-69xHQhAeMAD2wDXO7T2pcOZIF9Sga2W+JkmY2a11Ops=",
        "owner": "NixOS",
        "repo": "nixpkgs",
        "rev": "c59305bab2065cfecc4944690d9eedbb56f3a9fa",
        "type": "github"
      },
      "original": {
        "owner": "NixOS",
        "ref": "nixos-unstable",
        "repo": "nixpkgs",
        "type": "github"
      }
    },
    "nixpkgs-stable": {
      "locked": {
        "lastModified": 1790920529,
        "narHash": "sha256-nQyFkMR78WP6PiXKkDW2SjqzLf/spQqjRuxRGSbcV8k=",
        "owner": "NixOS",
        "repo": "nixpkgs",
        "rev": "774debe7a0d1b496e35677ad955a1011c6ff74f3",
        "type": "github"
      },
      "original": {
        "owner": "NixOS",
        "ref": "nixos-26.05",
        "repo": "nixpkgs",
        "type": "github"
      }
    },
    "nixpkgs_2": {
      "locked": {
        "lastModified": 1790822859,
        "narHash": "sha256-VBA0QerzzmL+4wxgtwiCdiLwLpJg2/9xOxhgO3BRJQA=",
        "rev": "c59305bab2065cfecc4944690d9eedbb56f3a9fa",
        "type": "tarball",
        "url": "https://releases.nixos.org/nixos/unstable/nixos-26.11pre1083223.c59305bab206/nixexprs.tar.zst"
      },
      "original": {
        "type": "tarball",
        "url": "https://channels.nixos.org/nixos-unstable/nixexprs.tar.zst"
      }
    },
    "noctalia": {
      "inputs": {
        "nixpkgs": "nixpkgs_2"
      },
      "locked": {
        "lastModified": 1791048152,
        "narHash": "sha256-R+cq28uDVDRY//7BjWXh/oKGv+yIrDsuFJJX9H41yEo=",
        "owner": "noctalia-dev",
        "repo": "noctalia",
        "rev": "e639a87e811ad3268c73f6d5e77669c94184ba15",
        "type": "github"
      },
      "original": {
        "owner": "noctalia-dev",
        "ref": "cachix",
        "repo": "noctalia",
        "type": "github"
      }
    },
    "noctalia-greeter": {
      "inputs": {
        "nixpkgs": [
          "nixpkgs"
        ]
      },
      "locked": {
        "lastModified": 1791048167,
        "narHash": "sha256-yiE/la9jccbQavds701a3OXvyzoWrOV34d7PG4ieewg=",
        "owner": "noctalia-dev",
        "repo": "noctalia-greeter",
        "rev": "6127c31e64624edea725c134e8c19a1dd25447e1",
        "type": "github"
      },
      "original": {
        "owner": "noctalia-dev",
        "repo": "noctalia-greeter",
        "type": "github"
      }
    },
    "root": {
      "inputs": {
        "home-manager": "home-manager",
        "nixpkgs": "nixpkgs",
        "nixpkgs-stable": "nixpkgs-stable",
        "noctalia": "noctalia",
        "noctalia-greeter": "noctalia-greeter",
        "zig": "zig"
      }
    },
    "systems": {
      "flake": false,
      "locked": {
        "lastModified": 1681028828,
        "narHash": "sha256-Vy1rq5AaRuLzOxct8nz4T6wlgyUR7zLU309k9mBC768=",
        "owner": "nix-systems",
        "repo": "default",
        "rev": "da67096a3b9bf56a91d16901293e51ba5b49a27e",
        "type": "github"
      },
      "original": {
        "owner": "nix-systems",
        "repo": "default",
        "type": "github"
      }
    },
    "zig": {
      "inputs": {
        "flake-compat": "flake-compat",
        "nixpkgs": [
          "nixpkgs"
        ],
        "systems": "systems"
      },
      "locked": {
        "lastModified": 1790988737,
        "narHash": "sha256-b55etI4Uxu+WHhYZXym3HPIz63ipO9lqwJLAphjqtTc=",
        "owner": "mitchellh",
        "repo": "zig-overlay",
        "rev": "dcffc7a25ed2cbbc7c1c3c448c312abf46ae6cb8",
        "type": "github"
      },
      "original": {
        "owner": "mitchellh",
        "repo": "zig-overlay",
        "type": "github"
      }
    }
  },
  "root": "root",
  "version": 7
}
