{
  "nodes": {
    "flake-compat": {
      "flake": false,
      "locked": {
        "lastModified": 1696426674,
        "narHash": "sha256-kvjfFW7WAETZlt09AgDn1MrtKzP7t90Vf7vypd3OL1U=",
        "owner": "edolstra",
        "repo": "flake-compat",
        "rev": "0f9255e01c2351cc7d116c072cb317785dd33b33",
        "type": "github"
      },
      "original": {
        "owner": "edolstra",
        "repo": "flake-compat",
        "type": "github"
      }
    },
    "home-manager": {
      "inputs": {
        "nixpkgs": [
          "nixpkgs"
        ]
      },
      "locked": {
        "lastModified": 1783134515,
        "narHash": "sha256-qMoZazubXlXUD9k/syJ/aiWC4X4g73mwVmZ7Z4+rdpM=",
        "owner": "nix-community",
        "repo": "home-manager",
        "rev": "b885baad531fa3d3beae2ba9a0712d22974d8016",
        "type": "github"
      },
      "original": {
        "owner": "nix-community",
        "repo": "home-manager",
        "type": "github"
      }
    },
    "nixpkgs": {
      "locked": {
        "lastModified": 1782959384,
        "narHash": "sha256-xnJJk+ct+D2+wdRxj1wk36w5zV9RVESwRqcklPdt3fM=",
        "owner": "NixOS",
        "repo": "nixpkgs",
        "rev": "65179426c83bb3f6bc14898b42ea1c6f01d374b0",
        "type": "github"
      },
      "original": {
        "owner": "NixOS",
        "ref": "nixos-unstable",
        "repo": "nixpkgs",
        "type": "github"
      }
    },
    "nixpkgs-stable": {
      "locked": {
        "lastModified": 1782999065,
        "narHash": "sha256-5Dgj5+pIQYZKrXUGaLCk7CKfN3MmpwIhO94++WVxvng=",
        "owner": "NixOS",
        "repo": "nixpkgs",
        "rev": "80d591ed473cfc46329932c2aadac9b435342c7c",
        "type": "github"
      },
      "original": {
        "owner": "NixOS",
        "ref": "nixos-26.05",
        "repo": "nixpkgs",
        "type": "github"
      }
    },
    "root": {
      "inputs": {
        "home-manager": "home-manager",
        "nixpkgs": "nixpkgs",
        "nixpkgs-stable": "nixpkgs-stable",
        "zig": "zig"
      }
    },
    "systems": {
      "flake": false,
      "locked": {
        "lastModified": 1681028828,
        "narHash": "sha256-Vy1rq5AaRuLzOxct8nz4T6wlgyUR7zLU309k9mBC768=",
        "owner": "nix-systems",
        "repo": "default",
        "rev": "da67096a3b9bf56a91d16901293e51ba5b49a27e",
        "type": "github"
      },
      "original": {
        "owner": "nix-systems",
        "repo": "default",
        "type": "github"
      }
    },
    "zig": {
      "inputs": {
        "flake-compat": "flake-compat",
        "nixpkgs": [
          "nixpkgs"
        ],
        "systems": "systems"
      },
      "locked": {
        "lastModified": 1782954707,
        "narHash": "sha256-vTQFmTcHD//d3XklAXFGS6/iKHeNJcBwO+3BTR0b5+s=",
        "owner": "mitchellh",
        "repo": "zig-overlay",
        "rev": "2dd6f16c55c725c9ace26cac4ddd4003a563ef33",
        "type": "github"
      },
      "original": {
        "owner": "mitchellh",
        "repo": "zig-overlay",
        "type": "github"
      }
    }
  },
  "root": "root",
  "version": 7
}
